
Microsoft Visual Studio Solution File, Format Version 12.00
# Visual Studio Version 16
VisualStudioVersion = 16.0.32228.343
MinimumVisualStudioVersion = 10.0.40219.1
Project("{9A19103F-16F7-4668-BE54-9A1E7A4F7556}") = "TicketSystem", "TicketSystem.csproj", "{4620BA6A-96A2-4F6D-85FA-EE5174EFFB37}"
EndProject
Project("{9A19103F-16F7-4668-BE54-9A1E7A4F7556}") = "Service", "..\Service\Service.csproj", "{81E26322-7A47-46B9-9BA3-079FF7E3CE84}"
EndProject
Project("{9A19103F-16F7-4668-BE54-9A1E7A4F7556}") = "DataAccess", "..\DataAccess\DataAccess.csproj", "{17B9E894-DF5B-4C88-993B-7D3ED5FE52FE}"
EndProject
Project("{FAE04EC0-301F-11D3-BF4B-00C04F79EFBC}") = "Entity", "..\Entity\Entity.csproj", "{FAF1BBD6-31D6-4F5F-96D1-ECB3A123F80B}"
EndProject
Global
	GlobalSection(SolutionConfigurationPlatforms) = preSolution
		Debug|Any CPU = Debug|Any CPU
		Release|Any CPU = Release|Any CPU
	EndGlobalSection
	GlobalSection(ProjectConfigurationPlatforms) = postSolution
		{4620BA6A-96A2-4F6D-85FA-EE5174EFFB37}.Debug|Any CPU.ActiveCfg = Debug|Any CPU
		{4620BA6A-96A2-4F6D-85FA-EE5174EFFB37}.Debug|Any CPU.Build.0 = Debug|Any CPU
		{4620BA6A-96A2-4F6D-85FA-EE5174EFFB37}.Release|Any CPU.ActiveCfg = Release|Any CPU
		{4620BA6A-96A2-4F6D-85FA-EE5174EFFB37}.Release|Any CPU.Build.0 = Release|Any CPU
		{81E26322-7A47-46B9-9BA3-079FF7E3CE84}.Debug|Any CPU.ActiveCfg = Debug|Any CPU
		{81E26322-7A47-46B9-9BA3-079FF7E3CE84}.Debug|Any CPU.Build.0 = Debug|Any CPU
		{81E26322-7A47-46B9-9BA3-079FF7E3CE84}.Release|Any CPU.ActiveCfg = Release|Any CPU
		{81E26322-7A47-46B9-9BA3-079FF7E3CE84}.Release|Any CPU.Build.0 = Release|Any CPU
		{17B9E894-DF5B-4C88-993B-7D3ED5FE52FE}.Debug|Any CPU.ActiveCfg = Debug|Any CPU
		{17B9E894-DF5B-4C88-993B-7D3ED5FE52FE}.Debug|Any CPU.Build.0 = Debug|Any CPU
		{17B9E894-DF5B-4C88-993B-7D3ED5FE52FE}.Release|Any CPU.ActiveCfg = Release|Any CPU
		{17B9E894-DF5B-4C88-993B-7D3ED5FE52FE}.Release|Any CPU.Build.0 = Release|Any CPU
		{FAF1BBD6-31D6-4F5F-96D1-ECB3A123F80B}.Debug|Any CPU.ActiveCfg = Debug|Any CPU
		{FAF1BBD6-31D6-4F5F-96D1-ECB3A123F80B}.Debug|Any CPU.Build.0 = Debug|Any CPU
		{FAF1BBD6-31D6-4F5F-96D1-ECB3A123F80B}.Release|Any CPU.ActiveCfg = Release|Any CPU
		{FAF1BBD6-31D6-4F5F-96D1-ECB3A123F80B}.Release|Any CPU.Build.0 = Release|Any CPU
	EndGlobalSection
	GlobalSection(SolutionProperties) = preSolution
		HideSolutionNode = FALSE
	EndGlobalSection
	GlobalSection(ExtensibilityGlobals) = postSolution
		SolutionGuid = {41F93B28-538F-4E0B-9D35-673E99445577}
	EndGlobalSection
EndGlobal
